{
  "name": "Navbot",
  "lockfileVersion": 2,
  "requires": true,
  "packages": {
    "": {
      "dependencies": {
        "lua-format": "^1.3.4",
        "luabundle": "^1.7.0"
      },
      "version": "2.0.6"
    },
    "node_modules/lua-format": {
      "version": "1.4.0",
      "resolved": "https://registry.npmjs.org/lua-format/-/lua-format-1.4.0.tgz",
      "integrity": "sha512-GP5CFcdgop02HgsPnw0p1FeC41FmMdoexgnvDtS2TlqNh4oWuN0piyyEsgOrlN1rAfOHdhjmeTtl7H/lgCgOqA=="
    },
    "node_modules/luabundle": {
      "version": "1.7.0",
      "resolved": "https://registry.npmjs.org/luabundle/-/luabundle-1.7.0.tgz",
      "integrity": "sha512-0tyADkfCSXLgj3MEikZ0+aE/ZxRrCZhat1k8yPOeN7cE+rublHMma1AtEXHdHpXMk7RCl6OECFWMDKf1d70Pgw==",
      "license": "MIT",
      "dependencies": {
        "moonsharp-luaparse": "^0.2.4"
      },
      "engines": {
        "node": ">=8.0.0"
      }
    },
    "node_modules/moonsharp-luaparse": {
      "version": "0.2.4",
      "resolved": "https://registry.npmjs.org/moonsharp-luaparse/-/moonsharp-luaparse-0.2.4.tgz",
      "integrity": "sha512-1bkZPHRVJhCzt681KnFxWB5fYQlmcOZuBAlzdcsdTSjDfL//sqjcH2L2bbbgxf/l5s1krpGL8Ba7twT7mdj91Q==",
      "bin": {
        "moonsharp-luaparse": "bin/luaparse"
      }
    }
  },
  "dependencies": {
    "lua-format": {
      "version": "1.4.0",
      "resolved": "https://registry.npmjs.org/lua-format/-/lua-format-1.4.0.tgz",
      "integrity": "sha512-GP5CFcdgop02HgsPnw0p1FeC41FmMdoexgnvDtS2TlqNh4oWuN0piyyEsgOrlN1rAfOHdhjmeTtl7H/lgCgOqA=="
    },
    "luabundle": {
      "version": "1.7.0",
      "resolved": "https://registry.npmjs.org/luabundle/-/luabundle-1.7.0.tgz",
      "integrity": "sha512-0tyADkfCSXLgj3MEikZ0+aE/ZxRrCZhat1k8yPOeN7cE+rublHMma1AtEXHdHpXMk7RCl6OECFWMDKf1d70Pgw==",
      "requires": {
        "moonsharp-luaparse": "^0.2.4"
      }
    },
    "moonsharp-luaparse": {
      "version": "0.2.4",
      "resolved": "https://registry.npmjs.org/moonsharp-luaparse/-/moonsharp-luaparse-0.2.4.tgz",
      "integrity": "sha512-1bkZPHRVJhCzt681KnFxWB5fYQlmcOZuBAlzdcsdTSjDfL//sqjcH2L2bbbgxf/l5s1krpGL8Ba7twT7mdj91Q=="
    }
  },
  "version": "2.0.6"
}
